// !$*UTF8*$!
{
	archiveVersion = 1;
	classes = {
	};
	objectVersion = 46;
	objects = {

/* Begin PBXBuildFile section */
		3D2101701CCDE2C400E1CBFD /* RM_ParsableElementType.swift in Sources */ = {isa = PBXBuildFile; fileRef = 3D21016F1CCDE2C400E1CBFD /* RM_ParsableElementType.swift */; };
		3D2101721CCDEDD300E1CBFD /* RM_LocalizationKey.swift in Sources */ = {isa = PBXBuildFile; fileRef = 3D2101711CCDEDD300E1CBFD /* RM_LocalizationKey.swift */; };
		3D2101761CCDEE5A00E1CBFD /* Localizable.strings in Resources */ = {isa = PBXBuildFile; fileRef = 3D2101781CCDEE5A00E1CBFD /* Localizable.strings */; };
		3D21017B1CCDF1AF00E1CBFD /* RM_LocalizationTest.swift in Sources */ = {isa = PBXBuildFile; fileRef = 3D21017A1CCDF1AF00E1CBFD /* RM_LocalizationTest.swift */; };
		3D2101861CCE035E00E1CBFD /* RM_Font.swift in Sources */ = {isa = PBXBuildFile; fileRef = 3D2101851CCE035E00E1CBFD /* RM_Font.swift */; };
		3D2101881CCE041C00E1CBFD /* RM_FontTests.swift in Sources */ = {isa = PBXBuildFile; fileRef = 3D2101871CCE041C00E1CBFD /* RM_FontTests.swift */; };
		3D21018E1CCE0B9C00E1CBFD /* Lato-Bold.ttf in Resources */ = {isa = PBXBuildFile; fileRef = 3D21018B1CCE0B9C00E1CBFD /* Lato-Bold.ttf */; };
		3D21018F1CCE0B9C00E1CBFD /* Lato-Light.ttf in Resources */ = {isa = PBXBuildFile; fileRef = 3D21018C1CCE0B9C00E1CBFD /* Lato-Light.ttf */; };
		3D2101901CCE0B9C00E1CBFD /* Lato-Regular.ttf in Resources */ = {isa = PBXBuildFile; fileRef = 3D21018D1CCE0B9C00E1CBFD /* Lato-Regular.ttf */; };
		3D2101A01CCE2E3A00E1CBFD /* RM_Entity+CoreDataProperties.swift in Sources */ = {isa = PBXBuildFile; fileRef = 3D21019F1CCE2E3A00E1CBFD /* RM_Entity+CoreDataProperties.swift */; };
		3D2101A21CCE2E3F00E1CBFD /* RM_User+CoreDataProperties.swift in Sources */ = {isa = PBXBuildFile; fileRef = 3D2101A11CCE2E3F00E1CBFD /* RM_User+CoreDataProperties.swift */; };
		3D4976751CCF779600401EA1 /* RM_DALTypes.swift in Sources */ = {isa = PBXBuildFile; fileRef = 3D4976741CCF779600401EA1 /* RM_DALTypes.swift */; };
		3D4976771CCF84E100401EA1 /* RM_DALInternals.swift in Sources */ = {isa = PBXBuildFile; fileRef = 3D4976761CCF84E100401EA1 /* RM_DALInternals.swift */; };
		3D4976791CCF894700401EA1 /* RM_DALs.swift in Sources */ = {isa = PBXBuildFile; fileRef = 3D4976781CCF894700401EA1 /* RM_DALs.swift */; };
		3D49767C1CCF9AA700401EA1 /* RM_DAL+User.swift in Sources */ = {isa = PBXBuildFile; fileRef = 3D49767B1CCF9AA700401EA1 /* RM_DAL+User.swift */; };
		3D49767F1CCF9E6600401EA1 /* RM_DALBaseTests.swift in Sources */ = {isa = PBXBuildFile; fileRef = 3D49767E1CCF9E6600401EA1 /* RM_DALBaseTests.swift */; };
		3D4976831CCFA6DB00401EA1 /* RM_DALCrossThreadTests.swift in Sources */ = {isa = PBXBuildFile; fileRef = 3D4976821CCFA6DB00401EA1 /* RM_DALCrossThreadTests.swift */; };
		3D4976861CCFA96000401EA1 /* RM_DAL+UserTests.swift in Sources */ = {isa = PBXBuildFile; fileRef = 3D4976851CCFA96000401EA1 /* RM_DAL+UserTests.swift */; };
		3D65F1D51CCABC8A004F8B29 /* RM_CoreDataStackTests.swift in Sources */ = {isa = PBXBuildFile; fileRef = 3D65F1D41CCABC8A004F8B29 /* RM_CoreDataStackTests.swift */; };
		3D65F1DD1CCABC98004F8B29 /* RM_CoreDataStack.swift in Sources */ = {isa = PBXBuildFile; fileRef = 3D65F1D91CCABC98004F8B29 /* RM_CoreDataStack.swift */; };
		3D65F1DF1CCABC98004F8B29 /* RM_.xcdatamodeld in Sources */ = {isa = PBXBuildFile; fileRef = 3D65F1DB1CCABC98004F8B29 /* RM_.xcdatamodeld */; };
		3D65F1EB1CCAD270004F8B29 /* RM_Entity.swift in Sources */ = {isa = PBXBuildFile; fileRef = 3D65F1E91CCAD270004F8B29 /* RM_Entity.swift */; };
		3D65F1EC1CCAD270004F8B29 /* RM_User.swift in Sources */ = {isa = PBXBuildFile; fileRef = 3D65F1EA1CCAD270004F8B29 /* RM_User.swift */; };
		3D65F1EF1CCAD3B9004F8B29 /* RM_JSONElement.swift in Sources */ = {isa = PBXBuildFile; fileRef = 3D65F1EE1CCAD3B9004F8B29 /* RM_JSONElement.swift */; };
		3D72778A1CE5C9A000E045BA /* UIImage+ColorizedCreation.swift in Sources */ = {isa = PBXBuildFile; fileRef = 3D7277891CE5C9A000E045BA /* UIImage+ColorizedCreation.swift */; };
		3D72778E1CE5CC9600E045BA /* RM_UIImage_ColorizedCreationTests.swift in Sources */ = {isa = PBXBuildFile; fileRef = 3D72778D1CE5CC9600E045BA /* RM_UIImage_ColorizedCreationTests.swift */; };
		3DB0E7EA1CCD81DC002C23D1 /* RM_Result.swift in Sources */ = {isa = PBXBuildFile; fileRef = 3DB0E7E91CCD81DC002C23D1 /* RM_Result.swift */; };
		3DB3985F1CCAF08500A387E0 /* RM_JSONElementTests.swift in Sources */ = {isa = PBXBuildFile; fileRef = 3DB3985E1CCAF08500A387E0 /* RM_JSONElementTests.swift */; };
		3DB398631CCAF13800A387E0 /* api_public_products_GET.json in Resources */ = {isa = PBXBuildFile; fileRef = 3DB398621CCAF13800A387E0 /* api_public_products_GET.json */; };
		3DB398651CCAF17A00A387E0 /* XCTestCase+BundleResources.swift in Sources */ = {isa = PBXBuildFile; fileRef = 3DB398641CCAF17A00A387E0 /* XCTestCase+BundleResources.swift */; };
		3DCAFC7D1CDBBFFD0055273C /* RM_BackgroundedSectionTableView.swift in Sources */ = {isa = PBXBuildFile; fileRef = 3DCAFC7C1CDBBFFD0055273C /* RM_BackgroundedSectionTableView.swift */; };
		3DCAFC851CDBD8D60055273C /* LaunchScreen.storyboard in Resources */ = {isa = PBXBuildFile; fileRef = 3DCAFC831CDBD8D60055273C /* LaunchScreen.storyboard */; };
		3DCAFC861CDBD8D60055273C /* Main.storyboard in Resources */ = {isa = PBXBuildFile; fileRef = 3DCAFC841CDBD8D60055273C /* Main.storyboard */; };
		3DCAFC891CDBE7610055273C /* UIView+Shadow.swift in Sources */ = {isa = PBXBuildFile; fileRef = 3DCAFC881CDBE7610055273C /* UIView+Shadow.swift */; };
		3DCAFC8B1CDBE9770055273C /* UIView+IBInspectable.swift in Sources */ = {isa = PBXBuildFile; fileRef = 3DCAFC8A1CDBE9770055273C /* UIView+IBInspectable.swift */; };
		3DCAFC8D1CDBEA380055273C /* UIColor+HexString.swift in Sources */ = {isa = PBXBuildFile; fileRef = 3DCAFC8C1CDBEA380055273C /* UIColor+HexString.swift */; };
		3DCAFC901CDBEE070055273C /* RM_BackgroundedSectionTableViewController.swift in Sources */ = {isa = PBXBuildFile; fileRef = 3DCAFC8F1CDBEE070055273C /* RM_BackgroundedSectionTableViewController.swift */; };
		3DCB4EB61CD1063A00BF6F1D /* RM_APIRequest.swift in Sources */ = {isa = PBXBuildFile; fileRef = 3DCB4EB21CD1063A00BF6F1D /* RM_APIRequest.swift */; };
		3DCB4EB71CD1063A00BF6F1D /* RM_HTTPMethod.swift in Sources */ = {isa = PBXBuildFile; fileRef = 3DCB4EB31CD1063A00BF6F1D /* RM_HTTPMethod.swift */; };
		3DCB4EB81CD1063A00BF6F1D /* RM_NetworkIndicator.swift in Sources */ = {isa = PBXBuildFile; fileRef = 3DCB4EB51CD1063A00BF6F1D /* RM_NetworkIndicator.swift */; };
		3DCB4EBE1CD1065B00BF6F1D /* RM_APIRequestGETJSON.swift in Sources */ = {isa = PBXBuildFile; fileRef = 3DCB4EBB1CD1065B00BF6F1D /* RM_APIRequestGETJSON.swift */; };
		3DCB4EBF1CD1065B00BF6F1D /* RM_NetworkIndicatorTests.swift in Sources */ = {isa = PBXBuildFile; fileRef = 3DCB4EBD1CD1065B00BF6F1D /* RM_NetworkIndicatorTests.swift */; };
		3DCB4EC71CD1072700BF6F1D /* Assets.xcassets in Resources */ = {isa = PBXBuildFile; fileRef = 3DCB4EC61CD1072700BF6F1D /* Assets.xcassets */; };
		3DCB4EC91CD1074700BF6F1D /* RM_AppDelegate.swift in Sources */ = {isa = PBXBuildFile; fileRef = 3DCB4EC81CD1074700BF6F1D /* RM_AppDelegate.swift */; };
		3DDC279C1CE1B9D200E36BC9 /* String+RepeatedString.swift in Sources */ = {isa = PBXBuildFile; fileRef = 3DDC279B1CE1B9D200E36BC9 /* String+RepeatedString.swift */; };
		3DDC279E1CE1BB5000E36BC9 /* UIView+EdgedBorders.swift in Sources */ = {isa = PBXBuildFile; fileRef = 3DDC279D1CE1BB5000E36BC9 /* UIView+EdgedBorders.swift */; };
		3DDC27D11CE1D49500E36BC9 /* NSAttributedString+ConvenienceInit.swift in Sources */ = {isa = PBXBuildFile; fileRef = 3DDC27D01CE1D49500E36BC9 /* NSAttributedString+ConvenienceInit.swift */; };
		3DE7A3471CDF456300429A4C /* UIImageView+LoadFromURL.swift in Sources */ = {isa = PBXBuildFile; fileRef = 3DE7A3461CDF456300429A4C /* UIImageView+LoadFromURL.swift */; };
/* End PBXBuildFile section */

/* Begin PBXContainerItemProxy section */
		3D65F1C31CCAB9A8004F8B29 /* PBXContainerItemProxy */ = {
			isa = PBXContainerItemProxy;
			containerPortal = 3D65F1A31CCAB9A8004F8B29 /* Project object */;
			proxyType = 1;
			remoteGlobalIDString = 3D65F1AA1CCAB9A8004F8B29;
			remoteInfo = RM_;
		};
/* End PBXContainerItemProxy section */

/* Begin PBXFileReference section */
		3D21016F1CCDE2C400E1CBFD /* RM_ParsableElementType.swift */ = {isa = PBXFileReference; fileEncoding = 4; lastKnownFileType = sourcecode.swift; path = RM_ParsableElementType.swift; sourceTree = "<group>"; };
		3D2101711CCDEDD300E1CBFD /* RM_LocalizationKey.swift */ = {isa = PBXFileReference; fileEncoding = 4; lastKnownFileType = sourcecode.swift; path = RM_LocalizationKey.swift; sourceTree = "<group>"; };
		3D2101771CCDEE5A00E1CBFD /* en */ = {isa = PBXFileReference; lastKnownFileType = text.plist.strings; name = en; path = en.lproj/Localizable.strings; sourceTree = "<group>"; };
		3D21017A1CCDF1AF00E1CBFD /* RM_LocalizationTest.swift */ = {isa = PBXFileReference; fileEncoding = 4; lastKnownFileType = sourcecode.swift; path = RM_LocalizationTest.swift; sourceTree = "<group>"; };
		3D2101851CCE035E00E1CBFD /* RM_Font.swift */ = {isa = PBXFileReference; fileEncoding = 4; lastKnownFileType = sourcecode.swift; path = RM_Font.swift; sourceTree = "<group>"; };
		3D2101871CCE041C00E1CBFD /* RM_FontTests.swift */ = {isa = PBXFileReference; fileEncoding = 4; lastKnownFileType = sourcecode.swift; path = RM_FontTests.swift; sourceTree = "<group>"; };
		3D21018B1CCE0B9C00E1CBFD /* Lato-Bold.ttf */ = {isa = PBXFileReference; lastKnownFileType = file; path = "Lato-Bold.ttf"; sourceTree = "<group>"; };
		3D21018C1CCE0B9C00E1CBFD /* Lato-Light.ttf */ = {isa = PBXFileReference; lastKnownFileType = file; path = "Lato-Light.ttf"; sourceTree = "<group>"; };
		3D21018D1CCE0B9C00E1CBFD /* Lato-Regular.ttf */ = {isa = PBXFileReference; lastKnownFileType = file; path = "Lato-Regular.ttf"; sourceTree = "<group>"; };
		3D21019F1CCE2E3A00E1CBFD /* RM_Entity+CoreDataProperties.swift */ = {isa = PBXFileReference; fileEncoding = 4; lastKnownFileType = sourcecode.swift; path = "RM_Entity+CoreDataProperties.swift"; sourceTree = "<group>"; };
		3D2101A11CCE2E3F00E1CBFD /* RM_User+CoreDataProperties.swift */ = {isa = PBXFileReference; fileEncoding = 4; lastKnownFileType = sourcecode.swift; path = "RM_User+CoreDataProperties.swift"; sourceTree = "<group>"; };
		3D4976741CCF779600401EA1 /* RM_DALTypes.swift */ = {isa = PBXFileReference; fileEncoding = 4; lastKnownFileType = sourcecode.swift; path = RM_DALTypes.swift; sourceTree = "<group>"; };
		3D4976761CCF84E100401EA1 /* RM_DALInternals.swift */ = {isa = PBXFileReference; fileEncoding = 4; lastKnownFileType = sourcecode.swift; path = RM_DALInternals.swift; sourceTree = "<group>"; };
		3D4976781CCF894700401EA1 /* RM_DALs.swift */ = {isa = PBXFileReference; fileEncoding = 4; lastKnownFileType = sourcecode.swift; path = RM_DALs.swift; sourceTree = "<group>"; };
		3D49767B1CCF9AA700401EA1 /* RM_DAL+User.swift */ = {isa = PBXFileReference; fileEncoding = 4; lastKnownFileType = sourcecode.swift; path = "RM_DAL+User.swift"; sourceTree = "<group>"; };
		3D49767E1CCF9E6600401EA1 /* RM_DALBaseTests.swift */ = {isa = PBXFileReference; fileEncoding = 4; lastKnownFileType = sourcecode.swift; path = RM_DALBaseTests.swift; sourceTree = "<group>"; };
		3D4976821CCFA6DB00401EA1 /* RM_DALCrossThreadTests.swift */ = {isa = PBXFileReference; fileEncoding = 4; lastKnownFileType = sourcecode.swift; path = RM_DALCrossThreadTests.swift; sourceTree = "<group>"; };
		3D4976851CCFA96000401EA1 /* RM_DAL+UserTests.swift */ = {isa = PBXFileReference; fileEncoding = 4; lastKnownFileType = sourcecode.swift; path = "RM_DAL+UserTests.swift"; sourceTree = "<group>"; };
		3D65F1AB1CCAB9A8004F8B29 /* RM_.app */ = {isa = PBXFileReference; explicitFileType = wrapper.application; includeInIndex = 0; path = RM_.app; sourceTree = BUILT_PRODUCTS_DIR; };
		3D65F1C21CCAB9A8004F8B29 /* RM_Tests.xctest */ = {isa = PBXFileReference; explicitFileType = wrapper.cfbundle; includeInIndex = 0; path = RM_Tests.xctest; sourceTree = BUILT_PRODUCTS_DIR; };
		3D65F1C81CCAB9A8004F8B29 /* Info.plist */ = {isa = PBXFileReference; lastKnownFileType = text.plist.xml; path = Info.plist; sourceTree = "<group>"; };
		3D65F1D41CCABC8A004F8B29 /* RM_CoreDataStackTests.swift */ = {isa = PBXFileReference; fileEncoding = 4; lastKnownFileType = sourcecode.swift; path = RM_CoreDataStackTests.swift; sourceTree = "<group>"; };
		3D65F1D91CCABC98004F8B29 /* RM_CoreDataStack.swift */ = {isa = PBXFileReference; fileEncoding = 4; lastKnownFileType = sourcecode.swift; path = RM_CoreDataStack.swift; sourceTree = "<group>"; };
		3D65F1DC1CCABC98004F8B29 /* RM_.xcdatamodel */ = {isa = PBXFileReference; lastKnownFileType = wrapper.xcdatamodel; path = RM_.xcdatamodel; sourceTree = "<group>"; };
		3D65F1E91CCAD270004F8B29 /* RM_Entity.swift */ = {isa = PBXFileReference; fileEncoding = 4; lastKnownFileType = sourcecode.swift; path = RM_Entity.swift; sourceTree = "<group>"; };
		3D65F1EA1CCAD270004F8B29 /* RM_User.swift */ = {isa = PBXFileReference; fileEncoding = 4; lastKnownFileType = sourcecode.swift; path = RM_User.swift; sourceTree = "<group>"; };
		3D65F1EE1CCAD3B9004F8B29 /* RM_JSONElement.swift */ = {isa = PBXFileReference; fileEncoding = 4; lastKnownFileType = sourcecode.swift; path = RM_JSONElement.swift; sourceTree = "<group>"; };
		3D7277891CE5C9A000E045BA /* UIImage+ColorizedCreation.swift */ = {isa = PBXFileReference; fileEncoding = 4; lastKnownFileType = sourcecode.swift; path = "UIImage+ColorizedCreation.swift"; sourceTree = "<group>"; };
		3D72778D1CE5CC9600E045BA /* RM_UIImage_ColorizedCreationTests.swift */ = {isa = PBXFileReference; fileEncoding = 4; lastKnownFileType = sourcecode.swift; path = RM_UIImage_ColorizedCreationTests.swift; sourceTree = "<group>"; };
		3DB0E7E91CCD81DC002C23D1 /* RM_Result.swift */ = {isa = PBXFileReference; fileEncoding = 4; lastKnownFileType = sourcecode.swift; path = RM_Result.swift; sourceTree = "<group>"; };
		3DB3985E1CCAF08500A387E0 /* RM_JSONElementTests.swift */ = {isa = PBXFileReference; fileEncoding = 4; lastKnownFileType = sourcecode.swift; path = RM_JSONElementTests.swift; sourceTree = "<group>"; };
		3DB398621CCAF13800A387E0 /* api_public_products_GET.json */ = {isa = PBXFileReference; fileEncoding = 4; lastKnownFileType = text.json; path = api_public_products_GET.json; sourceTree = "<group>"; };
		3DB398641CCAF17A00A387E0 /* XCTestCase+BundleResources.swift */ = {isa = PBXFileReference; fileEncoding = 4; lastKnownFileType = sourcecode.swift; path = "XCTestCase+BundleResources.swift"; sourceTree = "<group>"; };
		3DCAFC7C1CDBBFFD0055273C /* RM_BackgroundedSectionTableView.swift */ = {isa = PBXFileReference; fileEncoding = 4; lastKnownFileType = sourcecode.swift; path = RM_BackgroundedSectionTableView.swift; sourceTree = "<group>"; };
		3DCAFC831CDBD8D60055273C /* LaunchScreen.storyboard */ = {isa = PBXFileReference; fileEncoding = 4; lastKnownFileType = file.storyboard; path = LaunchScreen.storyboard; sourceTree = "<group>"; };
		3DCAFC841CDBD8D60055273C /* Main.storyboard */ = {isa = PBXFileReference; fileEncoding = 4; lastKnownFileType = file.storyboard; path = Main.storyboard; sourceTree = "<group>"; };
		3DCAFC881CDBE7610055273C /* UIView+Shadow.swift */ = {isa = PBXFileReference; fileEncoding = 4; lastKnownFileType = sourcecode.swift; path = "UIView+Shadow.swift"; sourceTree = "<group>"; };
		3DCAFC8A1CDBE9770055273C /* UIView+IBInspectable.swift */ = {isa = PBXFileReference; fileEncoding = 4; lastKnownFileType = sourcecode.swift; path = "UIView+IBInspectable.swift"; sourceTree = "<group>"; };
		3DCAFC8C1CDBEA380055273C /* UIColor+HexString.swift */ = {isa = PBXFileReference; fileEncoding = 4; lastKnownFileType = sourcecode.swift; path = "UIColor+HexString.swift"; sourceTree = "<group>"; };
		3DCAFC8F1CDBEE070055273C /* RM_BackgroundedSectionTableViewController.swift */ = {isa = PBXFileReference; fileEncoding = 4; lastKnownFileType = sourcecode.swift; path = RM_BackgroundedSectionTableViewController.swift; sourceTree = "<group>"; };
		3DCB4EB21CD1063A00BF6F1D /* RM_APIRequest.swift */ = {isa = PBXFileReference; fileEncoding = 4; lastKnownFileType = sourcecode.swift; path = RM_APIRequest.swift; sourceTree = "<group>"; };
		3DCB4EB31CD1063A00BF6F1D /* RM_HTTPMethod.swift */ = {isa = PBXFileReference; fileEncoding = 4; lastKnownFileType = sourcecode.swift; path = RM_HTTPMethod.swift; sourceTree = "<group>"; };
		3DCB4EB51CD1063A00BF6F1D /* RM_NetworkIndicator.swift */ = {isa = PBXFileReference; fileEncoding = 4; lastKnownFileType = sourcecode.swift; path = RM_NetworkIndicator.swift; sourceTree = "<group>"; };
		3DCB4EBB1CD1065B00BF6F1D /* RM_APIRequestGETJSON.swift */ = {isa = PBXFileReference; fileEncoding = 4; lastKnownFileType = sourcecode.swift; path = RM_APIRequestGETJSON.swift; sourceTree = "<group>"; };
		3DCB4EBD1CD1065B00BF6F1D /* RM_NetworkIndicatorTests.swift */ = {isa = PBXFileReference; fileEncoding = 4; lastKnownFileType = sourcecode.swift; path = RM_NetworkIndicatorTests.swift; sourceTree = "<group>"; };
		3DCB4EC61CD1072700BF6F1D /* Assets.xcassets */ = {isa = PBXFileReference; lastKnownFileType = folder.assetcatalog; path = Assets.xcassets; sourceTree = "<group>"; };
		3DCB4EC81CD1074700BF6F1D /* RM_AppDelegate.swift */ = {isa = PBXFileReference; fileEncoding = 4; lastKnownFileType = sourcecode.swift; path = RM_AppDelegate.swift; sourceTree = "<group>"; };
		3DCB4ECA1CD1075C00BF6F1D /* Info.plist */ = {isa = PBXFileReference; fileEncoding = 4; lastKnownFileType = text.plist.xml; path = Info.plist; sourceTree = "<group>"; };
		3DDC279B1CE1B9D200E36BC9 /* String+RepeatedString.swift */ = {isa = PBXFileReference; fileEncoding = 4; lastKnownFileType = sourcecode.swift; path = "String+RepeatedString.swift"; sourceTree = "<group>"; };
		3DDC279D1CE1BB5000E36BC9 /* UIView+EdgedBorders.swift */ = {isa = PBXFileReference; fileEncoding = 4; lastKnownFileType = sourcecode.swift; path = "UIView+EdgedBorders.swift"; sourceTree = "<group>"; };
		3DDC27D01CE1D49500E36BC9 /* NSAttributedString+ConvenienceInit.swift */ = {isa = PBXFileReference; fileEncoding = 4; lastKnownFileType = sourcecode.swift; path = "NSAttributedString+ConvenienceInit.swift"; sourceTree = "<group>"; };
		3DE7A3461CDF456300429A4C /* UIImageView+LoadFromURL.swift */ = {isa = PBXFileReference; fileEncoding = 4; lastKnownFileType = sourcecode.swift; path = "UIImageView+LoadFromURL.swift"; sourceTree = "<group>"; };
/* End PBXFileReference section */

/* Begin PBXFrameworksBuildPhase section */
		3D65F1A81CCAB9A8004F8B29 /* Frameworks */ = {
			isa = PBXFrameworksBuildPhase;
			buildActionMask = 2147483647;
			files = (
			);
			runOnlyForDeploymentPostprocessing = 0;
		};
		3D65F1BF1CCAB9A8004F8B29 /* Frameworks */ = {
			isa = PBXFrameworksBuildPhase;
			buildActionMask = 2147483647;
			files = (
			);
			runOnlyForDeploymentPostprocessing = 0;
		};
/* End PBXFrameworksBuildPhase section */

/* Begin PBXGroup section */
		3D2101731CCDEE3500E1CBFD /* Supporting Files */ = {
			isa = PBXGroup;
			children = (
				3DCAFC821CDBD8D60055273C /* Storyboards */,
				3DCB4EC81CD1074700BF6F1D /* RM_AppDelegate.swift */,
				3DCB4EC61CD1072700BF6F1D /* Assets.xcassets */,
				3D21017E1CCE02BC00E1CBFD /* Fonts */,
				3D2101781CCDEE5A00E1CBFD /* Localizable.strings */,
				3DCB4ECA1CD1075C00BF6F1D /* Info.plist */,
			);
			path = "Supporting Files";
			sourceTree = "<group>";
		};
		3D2101791CCDF1A000E1CBFD /* Misc */ = {
			isa = PBXGroup;
			children = (
				3D21017A1CCDF1AF00E1CBFD /* RM_LocalizationTest.swift */,
				3D2101871CCE041C00E1CBFD /* RM_FontTests.swift */,
			);
			path = Misc;
			sourceTree = "<group>";
		};
		3D21017E1CCE02BC00E1CBFD /* Fonts */ = {
			isa = PBXGroup;
			children = (
				3D21018A1CCE0B8B00E1CBFD /* Lato */,
			);
			path = Fonts;
			sourceTree = "<group>";
		};
		3D21018A1CCE0B8B00E1CBFD /* Lato */ = {
			isa = PBXGroup;
			children = (
				3D21018B1CCE0B9C00E1CBFD /* Lato-Bold.ttf */,
				3D21018C1CCE0B9C00E1CBFD /* Lato-Light.ttf */,
				3D21018D1CCE0B9C00E1CBFD /* Lato-Regular.ttf */,
			);
			path = Lato;
			sourceTree = "<group>";
		};
		3D4976731CCF72E500401EA1 /* DAL */ = {
			isa = PBXGroup;
			children = (
				3D4976741CCF779600401EA1 /* RM_DALTypes.swift */,
				3D4976761CCF84E100401EA1 /* RM_DALInternals.swift */,
				3D4976781CCF894700401EA1 /* RM_DALs.swift */,
			);
			path = DAL;
			sourceTree = "<group>";
		};
		3D49767A1CCF9A6F00401EA1 /* Specific DALs */ = {
			isa = PBXGroup;
			children = (
				3D49767B1CCF9AA700401EA1 /* RM_DAL+User.swift */,
			);
			path = "Specific DALs";
			sourceTree = "<group>";
		};
		3D49767D1CCF9E4800401EA1 /* DAL */ = {
			isa = PBXGroup;
			children = (
				3D49767E1CCF9E6600401EA1 /* RM_DALBaseTests.swift */,
				3D4976821CCFA6DB00401EA1 /* RM_DALCrossThreadTests.swift */,
			);
			path = DAL;
			sourceTree = "<group>";
		};
		3D4976841CCFA93400401EA1 /* Specific DALs */ = {
			isa = PBXGroup;
			children = (
				3D4976851CCFA96000401EA1 /* RM_DAL+UserTests.swift */,
			);
			path = "Specific DALs";
			sourceTree = "<group>";
		};
		3D65F1A21CCAB9A8004F8B29 = {
			isa = PBXGroup;
			children = (
				3D65F1AD1CCAB9A8004F8B29 /* RM_ */,
				3D65F1C51CCAB9A8004F8B29 /* RM_Tests */,
				3D65F1AC1CCAB9A8004F8B29 /* Products */,
			);
			sourceTree = "<group>";
		};
		3D65F1AC1CCAB9A8004F8B29 /* Products */ = {
			isa = PBXGroup;
			children = (
				3D65F1AB1CCAB9A8004F8B29 /* RM_.app */,
				3D65F1C21CCAB9A8004F8B29 /* RM_Tests.xctest */,
			);
			name = Products;
			sourceTree = "<group>";
		};
		3D65F1AD1CCAB9A8004F8B29 /* RM_ */ = {
			isa = PBXGroup;
			children = (
				3DCB4EC01CD106CB00BF6F1D /* Controller */,
				3DCB4EC21CD106CB00BF6F1D /* View */,
				3D65F1D61CCABC98004F8B29 /* Model */,
				3D2101731CCDEE3500E1CBFD /* Supporting Files */,
			);
			path = RM_;
			sourceTree = "<group>";
		};
		3D65F1C51CCAB9A8004F8B29 /* RM_Tests */ = {
			isa = PBXGroup;
			children = (
				3DB398601CCAF0C800A387E0 /* Resources */,
				3D65F1D11CCABC8A004F8B29 /* Model */,
				3D72778B1CE5CC7200E045BA /* View */,
				3D65F1C81CCAB9A8004F8B29 /* Info.plist */,
				3DB398641CCAF17A00A387E0 /* XCTestCase+BundleResources.swift */,
			);
			path = RM_Tests;
			sourceTree = "<group>";
		};
		3D65F1D11CCABC8A004F8B29 /* Model */ = {
			isa = PBXGroup;
			children = (
				3DCB4EB91CD1065B00BF6F1D /* API */,
				3D2101791CCDF1A000E1CBFD /* Misc */,
				3DB3985D1CCAF06300A387E0 /* Parser */,
				3D65F1D21CCABC8A004F8B29 /* Core Data */,
			);
			path = Model;
			sourceTree = "<group>";
		};
		3D65F1D21CCABC8A004F8B29 /* Core Data */ = {
			isa = PBXGroup;
			children = (
				3D49767D1CCF9E4800401EA1 /* DAL */,
				3D4976841CCFA93400401EA1 /* Specific DALs */,
				3D65F1D31CCABC8A004F8B29 /* Core Data Stack */,
			);
			path = "Core Data";
			sourceTree = "<group>";
		};
		3D65F1D31CCABC8A004F8B29 /* Core Data Stack */ = {
			isa = PBXGroup;
			children = (
				3D65F1D41CCABC8A004F8B29 /* RM_CoreDataStackTests.swift */,
			);
			path = "Core Data Stack";
			sourceTree = "<group>";
		};
		3D65F1D61CCABC98004F8B29 /* Model */ = {
			isa = PBXGroup;
			children = (
				3DDC27981CE1B98400E36BC9 /* Extensions */,
				3DCB4EB01CD1063A00BF6F1D /* API */,
				3DB0E7E81CCD81D2002C23D1 /* Misc */,
				3D65F1ED1CCAD3AE004F8B29 /* Parser */,
				3D65F1D71CCABC98004F8B29 /* Core Data */,
			);
			path = Model;
			sourceTree = "<group>";
		};
		3D65F1D71CCABC98004F8B29 /* Core Data */ = {
			isa = PBXGroup;
			children = (
				3D4976731CCF72E500401EA1 /* DAL */,
				3D49767A1CCF9A6F00401EA1 /* Specific DALs */,
				3D65F1E01CCACF85004F8B29 /* Managed Objects */,
				3D65F1D81CCABC98004F8B29 /* Core Data Stack */,
				3D65F1DB1CCABC98004F8B29 /* RM_.xcdatamodeld */,
			);
			path = "Core Data";
			sourceTree = "<group>";
		};
		3D65F1D81CCABC98004F8B29 /* Core Data Stack */ = {
			isa = PBXGroup;
			children = (
				3D65F1D91CCABC98004F8B29 /* RM_CoreDataStack.swift */,
			);
			path = "Core Data Stack";
			sourceTree = "<group>";
		};
		3D65F1E01CCACF85004F8B29 /* Managed Objects */ = {
			isa = PBXGroup;
			children = (
				3D65F1E91CCAD270004F8B29 /* RM_Entity.swift */,
				3D21019F1CCE2E3A00E1CBFD /* RM_Entity+CoreDataProperties.swift */,
				3D65F1EA1CCAD270004F8B29 /* RM_User.swift */,
				3D2101A11CCE2E3F00E1CBFD /* RM_User+CoreDataProperties.swift */,
			);
			path = "Managed Objects";
			sourceTree = "<group>";
		};
		3D65F1ED1CCAD3AE004F8B29 /* Parser */ = {
			isa = PBXGroup;
			children = (
				3D21016F1CCDE2C400E1CBFD /* RM_ParsableElementType.swift */,
				3D65F1EE1CCAD3B9004F8B29 /* RM_JSONElement.swift */,
			);
			path = Parser;
			sourceTree = "<group>";
		};
		3D72778B1CE5CC7200E045BA /* View */ = {
			isa = PBXGroup;
			children = (
				3D72778C1CE5CC7200E045BA /* Extensions */,
			);
			path = View;
			sourceTree = "<group>";
		};
		3D72778C1CE5CC7200E045BA /* Extensions */ = {
			isa = PBXGroup;
			children = (
				3D72778D1CE5CC9600E045BA /* RM_UIImage_ColorizedCreationTests.swift */,
			);
			path = Extensions;
			sourceTree = "<group>";
		};
		3DB0E7E81CCD81D2002C23D1 /* Misc */ = {
			isa = PBXGroup;
			children = (
				3DB0E7E91CCD81DC002C23D1 /* RM_Result.swift */,
				3D2101711CCDEDD300E1CBFD /* RM_LocalizationKey.swift */,
				3D2101851CCE035E00E1CBFD /* RM_Font.swift */,
			);
			path = Misc;
			sourceTree = "<group>";
		};
		3DB3985D1CCAF06300A387E0 /* Parser */ = {
			isa = PBXGroup;
			children = (
				3DB3985E1CCAF08500A387E0 /* RM_JSONElementTests.swift */,
			);
			path = Parser;
			sourceTree = "<group>";
		};
		3DB398601CCAF0C800A387E0 /* Resources */ = {
			isa = PBXGroup;
			children = (
				3DB398611CCAF0C800A387E0 /* JSON */,
			);
			path = Resources;
			sourceTree = "<group>";
		};
		3DB398611CCAF0C800A387E0 /* JSON */ = {
			isa = PBXGroup;
			children = (
				3DB398621CCAF13800A387E0 /* api_public_products_GET.json */,
			);
			path = JSON;
			sourceTree = "<group>";
		};
		3DCAFC821CDBD8D60055273C /* Storyboards */ = {
			isa = PBXGroup;
			children = (
				3DCAFC831CDBD8D60055273C /* LaunchScreen.storyboard */,
				3DCAFC841CDBD8D60055273C /* Main.storyboard */,
			);
			path = Storyboards;
			sourceTree = "<group>";
		};
		3DCAFC871CDBE7500055273C /* Extensions */ = {
			isa = PBXGroup;
			children = (
				3DCAFC881CDBE7610055273C /* UIView+Shadow.swift */,
				3DCAFC8A1CDBE9770055273C /* UIView+IBInspectable.swift */,
				3DCAFC8C1CDBEA380055273C /* UIColor+HexString.swift */,
				3DE7A3461CDF456300429A4C /* UIImageView+LoadFromURL.swift */,
				3DDC279D1CE1BB5000E36BC9 /* UIView+EdgedBorders.swift */,
				3DDC27D01CE1D49500E36BC9 /* NSAttributedString+ConvenienceInit.swift */,
				3D7277891CE5C9A000E045BA /* UIImage+ColorizedCreation.swift */,
			);
			path = Extensions;
			sourceTree = "<group>";
		};
		3DCAFC8E1CDBEE070055273C /* Backgrounded Section TableView Controller */ = {
			isa = PBXGroup;
			children = (
				3DCAFC8F1CDBEE070055273C /* RM_BackgroundedSectionTableViewController.swift */,
			);
			path = "Backgrounded Section TableView Controller";
			sourceTree = "<group>";
		};
		3DCB4EB01CD1063A00BF6F1D /* API */ = {
			isa = PBXGroup;
			children = (
				3DCB4EB11CD1063A00BF6F1D /* Base */,
				3DCB4EB41CD1063A00BF6F1D /* Misc */,
			);
			path = API;
			sourceTree = "<group>";
		};
		3DCB4EB11CD1063A00BF6F1D /* Base */ = {
			isa = PBXGroup;
			children = (
				3DCB4EB21CD1063A00BF6F1D /* RM_APIRequest.swift */,
				3DCB4EB31CD1063A00BF6F1D /* RM_HTTPMethod.swift */,
			);
			path = Base;
			sourceTree = "<group>";
		};
		3DCB4EB41CD1063A00BF6F1D /* Misc */ = {
			isa = PBXGroup;
			children = (
				3DCB4EB51CD1063A00BF6F1D /* RM_NetworkIndicator.swift */,
			);
			path = Misc;
			sourceTree = "<group>";
		};
		3DCB4EB91CD1065B00BF6F1D /* API */ = {
			isa = PBXGroup;
			children = (
				3DCB4EBA1CD1065B00BF6F1D /* Base */,
				3DCB4EBC1CD1065B00BF6F1D /* Misc */,
			);
			path = API;
			sourceTree = "<group>";
		};
		3DCB4EBA1CD1065B00BF6F1D /* Base */ = {
			isa = PBXGroup;
			children = (
				3DCB4EBB1CD1065B00BF6F1D /* RM_APIRequestGETJSON.swift */,
			);
			path = Base;
			sourceTree = "<group>";
		};
		3DCB4EBC1CD1065B00BF6F1D /* Misc */ = {
			isa = PBXGroup;
			children = (
				3DCB4EBD1CD1065B00BF6F1D /* RM_NetworkIndicatorTests.swift */,
			);
			path = Misc;
			sourceTree = "<group>";
		};
		3DCB4EC01CD106CB00BF6F1D /* Controller */ = {
			isa = PBXGroup;
			children = (
				3DCAFC8E1CDBEE070055273C /* Backgrounded Section TableView Controller */,
			);
			path = Controller;
			sourceTree = "<group>";
		};
		3DCB4EC21CD106CB00BF6F1D /* View */ = {
			isa = PBXGroup;
			children = (
				3DCAFC7C1CDBBFFD0055273C /* RM_BackgroundedSectionTableView.swift */,
				3DCAFC871CDBE7500055273C /* Extensions */,
			);
			path = View;
			sourceTree = "<group>";
		};
		3DDC27981CE1B98400E36BC9 /* Extensions */ = {
			isa = PBXGroup;
			children = (
				3DDC279B1CE1B9D200E36BC9 /* String+RepeatedString.swift */,
			);
			path = Extensions;
			sourceTree = "<group>";
		};
/* End PBXGroup section */

/* Begin PBXNativeTarget section */
		3D65F1AA1CCAB9A8004F8B29 /* RM_ */ = {
			isa = PBXNativeTarget;
			buildConfigurationList = 3D65F1CB1CCAB9A8004F8B29 /* Build configuration list for PBXNativeTarget "RM_" */;
			buildPhases = (
				3D65F1A71CCAB9A8004F8B29 /* Sources */,
				3D65F1A81CCAB9A8004F8B29 /* Frameworks */,
				3D65F1A91CCAB9A8004F8B29 /* Resources */,
			);
			buildRules = (
			);
			dependencies = (
			);
			name = RM_;
			productName = RM_;
			productReference = 3D65F1AB1CCAB9A8004F8B29 /* RM_.app */;
			productType = "com.apple.product-type.application";
		};
		3D65F1C11CCAB9A8004F8B29 /* RM_Tests */ = {
			isa = PBXNativeTarget;
			buildConfigurationList = 3D65F1CE1CCAB9A8004F8B29 /* Build configuration list for PBXNativeTarget "RM_Tests" */;
			buildPhases = (
				3D65F1BE1CCAB9A8004F8B29 /* Sources */,
				3D65F1BF1CCAB9A8004F8B29 /* Frameworks */,
				3D65F1C01CCAB9A8004F8B29 /* Resources */,
			);
			buildRules = (
			);
			dependencies = (
				3D65F1C41CCAB9A8004F8B29 /* PBXTargetDependency */,
			);
			name = RM_Tests;
			productName = RM_Tests;
			productReference = 3D65F1C21CCAB9A8004F8B29 /* RM_Tests.xctest */;
			productType = "com.apple.product-type.bundle.unit-test";
		};
/* End PBXNativeTarget section */

/* Begin PBXProject section */
		3D65F1A31CCAB9A8004F8B29 /* Project object */ = {
			isa = PBXProject;
			attributes = {
				CLASSPREFIX = RM_;
				LastSwiftUpdateCheck = 0730;
				LastUpgradeCheck = 0730;
				ORGANIZATIONNAME = olehkulykov;
				TargetAttributes = {
					3D65F1AA1CCAB9A8004F8B29 = {
						CreatedOnToolsVersion = 7.3;
					};
					3D65F1C11CCAB9A8004F8B29 = {
						CreatedOnToolsVersion = 7.3;
						TestTargetID = 3D65F1AA1CCAB9A8004F8B29;
					};
				};
			};
			buildConfigurationList = 3D65F1A61CCAB9A8004F8B29 /* Build configuration list for PBXProject "RM_" */;
			compatibilityVersion = "Xcode 3.2";
			developmentRegion = English;
			hasScannedForEncodings = 0;
			knownRegions = (
				en,
				Base,
			);
			mainGroup = 3D65F1A21CCAB9A8004F8B29;
			productRefGroup = 3D65F1AC1CCAB9A8004F8B29 /* Products */;
			projectDirPath = "";
			projectRoot = "";
			targets = (
				3D65F1AA1CCAB9A8004F8B29 /* RM_ */,
				3D65F1C11CCAB9A8004F8B29 /* RM_Tests */,
			);
		};
/* End PBXProject section */

/* Begin PBXResourcesBuildPhase section */
		3D65F1A91CCAB9A8004F8B29 /* Resources */ = {
			isa = PBXResourcesBuildPhase;
			buildActionMask = 2147483647;
			files = (
				3DCAFC861CDBD8D60055273C /* Main.storyboard in Resources */,
				3D21018E1CCE0B9C00E1CBFD /* Lato-Bold.ttf in Resources */,
				3D2101761CCDEE5A00E1CBFD /* Localizable.strings in Resources */,
				3D21018F1CCE0B9C00E1CBFD /* Lato-Light.ttf in Resources */,
				3DCAFC851CDBD8D60055273C /* LaunchScreen.storyboard in Resources */,
				3DCB4EC71CD1072700BF6F1D /* Assets.xcassets in Resources */,
				3D2101901CCE0B9C00E1CBFD /* Lato-Regular.ttf in Resources */,
			);
			runOnlyForDeploymentPostprocessing = 0;
		};
		3D65F1C01CCAB9A8004F8B29 /* Resources */ = {
			isa = PBXResourcesBuildPhase;
			buildActionMask = 2147483647;
			files = (
				3DB398631CCAF13800A387E0 /* api_public_products_GET.json in Resources */,
			);
			runOnlyForDeploymentPostprocessing = 0;
		};
/* End PBXResourcesBuildPhase section */

/* Begin PBXSourcesBuildPhase section */
		3D65F1A71CCAB9A8004F8B29 /* Sources */ = {
			isa = PBXSourcesBuildPhase;
			buildActionMask = 2147483647;
			files = (
				3DCB4EB71CD1063A00BF6F1D /* RM_HTTPMethod.swift in Sources */,
				3D4976751CCF779600401EA1 /* RM_DALTypes.swift in Sources */,
				3DB0E7EA1CCD81DC002C23D1 /* RM_Result.swift in Sources */,
				3DCAFC8D1CDBEA380055273C /* UIColor+HexString.swift in Sources */,
				3D2101721CCDEDD300E1CBFD /* RM_LocalizationKey.swift in Sources */,
				3DDC279E1CE1BB5000E36BC9 /* UIView+EdgedBorders.swift in Sources */,
				3DCB4EB61CD1063A00BF6F1D /* RM_APIRequest.swift in Sources */,
				3D2101861CCE035E00E1CBFD /* RM_Font.swift in Sources */,
				3DCAFC8B1CDBE9770055273C /* UIView+IBInspectable.swift in Sources */,
				3D4976771CCF84E100401EA1 /* RM_DALInternals.swift in Sources */,
				3DE7A3471CDF456300429A4C /* UIImageView+LoadFromURL.swift in Sources */,
				3D65F1DD1CCABC98004F8B29 /* RM_CoreDataStack.swift in Sources */,
				3DCAFC901CDBEE070055273C /* RM_BackgroundedSectionTableViewController.swift in Sources */,
				3D65F1EF1CCAD3B9004F8B29 /* RM_JSONElement.swift in Sources */,
				3D65F1EB1CCAD270004F8B29 /* RM_Entity.swift in Sources */,
				3D49767C1CCF9AA700401EA1 /* RM_DAL+User.swift in Sources */,
				3DCAFC7D1CDBBFFD0055273C /* RM_BackgroundedSectionTableView.swift in Sources */,
				3D65F1DF1CCABC98004F8B29 /* RM_.xcdatamodeld in Sources */,
				3D72778A1CE5C9A000E045BA /* UIImage+ColorizedCreation.swift in Sources */,
				3D2101701CCDE2C400E1CBFD /* RM_ParsableElementType.swift in Sources */,
				3DDC27D11CE1D49500E36BC9 /* NSAttributedString+ConvenienceInit.swift in Sources */,
				3D2101A21CCE2E3F00E1CBFD /* RM_User+CoreDataProperties.swift in Sources */,
				3D65F1EC1CCAD270004F8B29 /* RM_User.swift in Sources */,
				3DCB4EB81CD1063A00BF6F1D /* RM_NetworkIndicator.swift in Sources */,
				3DCB4EC91CD1074700BF6F1D /* RM_AppDelegate.swift in Sources */,
				3DDC279C1CE1B9D200E36BC9 /* String+RepeatedString.swift in Sources */,
				3D2101A01CCE2E3A00E1CBFD /* RM_Entity+CoreDataProperties.swift in Sources */,
				3D4976791CCF894700401EA1 /* RM_DALs.swift in Sources */,
				3DCAFC891CDBE7610055273C /* UIView+Shadow.swift in Sources */,
			);
			runOnlyForDeploymentPostprocessing = 0;
		};
		3D65F1BE1CCAB9A8004F8B29 /* Sources */ = {
			isa = PBXSourcesBuildPhase;
			buildActionMask = 2147483647;
			files = (
				3D72778E1CE5CC9600E045BA /* RM_UIImage_ColorizedCreationTests.swift in Sources */,
				3D4976861CCFA96000401EA1 /* RM_DAL+UserTests.swift in Sources */,
				3D21017B1CCDF1AF00E1CBFD /* RM_LocalizationTest.swift in Sources */,
				3D2101881CCE041C00E1CBFD /* RM_FontTests.swift in Sources */,
				3D4976831CCFA6DB00401EA1 /* RM_DALCrossThreadTests.swift in Sources */,
				3DB398651CCAF17A00A387E0 /* XCTestCase+BundleResources.swift in Sources */,
				3D49767F1CCF9E6600401EA1 /* RM_DALBaseTests.swift in Sources */,
				3D65F1D51CCABC8A004F8B29 /* RM_CoreDataStackTests.swift in Sources */,
				3DCB4EBF1CD1065B00BF6F1D /* RM_NetworkIndicatorTests.swift in Sources */,
				3DCB4EBE1CD1065B00BF6F1D /* RM_APIRequestGETJSON.swift in Sources */,
				3DB3985F1CCAF08500A387E0 /* RM_JSONElementTests.swift in Sources */,
			);
			runOnlyForDeploymentPostprocessing = 0;
		};
/* End PBXSourcesBuildPhase section */

/* Begin PBXTargetDependency section */
		3D65F1C41CCAB9A8004F8B29 /* PBXTargetDependency */ = {
			isa = PBXTargetDependency;
			target = 3D65F1AA1CCAB9A8004F8B29 /* RM_ */;
			targetProxy = 3D65F1C31CCAB9A8004F8B29 /* PBXContainerItemProxy */;
		};
/* End PBXTargetDependency section */

/* Begin PBXVariantGroup section */
		3D2101781CCDEE5A00E1CBFD /* Localizable.strings */ = {
			isa = PBXVariantGroup;
			children = (
				3D2101771CCDEE5A00E1CBFD /* en */,
			);
			name = Localizable.strings;
			sourceTree = "<group>";
		};
/* End PBXVariantGroup section */

/* Begin XCBuildConfiguration section */
		3D65F1C91CCAB9A8004F8B29 /* Debug */ = {
			isa = XCBuildConfiguration;
			buildSettings = {
				ALWAYS_SEARCH_USER_PATHS = NO;
				CLANG_ANALYZER_NONNULL = YES;
				CLANG_CXX_LANGUAGE_STANDARD = "gnu++0x";
				CLANG_CXX_LIBRARY = "libc++";
				CLANG_ENABLE_MODULES = YES;
				CLANG_ENABLE_OBJC_ARC = YES;
				CLANG_WARN_BOOL_CONVERSION = YES;
				CLANG_WARN_CONSTANT_CONVERSION = YES;
				CLANG_WARN_DIRECT_OBJC_ISA_USAGE = YES_ERROR;
				CLANG_WARN_EMPTY_BODY = YES;
				CLANG_WARN_ENUM_CONVERSION = YES;
				CLANG_WARN_INT_CONVERSION = YES;
				CLANG_WARN_OBJC_ROOT_CLASS = YES_ERROR;
				CLANG_WARN_UNREACHABLE_CODE = YES;
				CLANG_WARN__DUPLICATE_METHOD_MATCH = YES;
				"CODE_SIGN_IDENTITY[sdk=iphoneos*]" = "iPhone Developer";
				COPY_PHASE_STRIP = NO;
				DEBUG_INFORMATION_FORMAT = dwarf;
				ENABLE_STRICT_OBJC_MSGSEND = YES;
				ENABLE_TESTABILITY = YES;
				GCC_C_LANGUAGE_STANDARD = gnu99;
				GCC_DYNAMIC_NO_PIC = NO;
				GCC_NO_COMMON_BLOCKS = YES;
				GCC_OPTIMIZATION_LEVEL = 0;
				GCC_PREPROCESSOR_DEFINITIONS = (
					"DEBUG=1",
					"$(inherited)",
				);
				GCC_WARN_64_TO_32_BIT_CONVERSION = YES;
				GCC_WARN_ABOUT_RETURN_TYPE = YES_ERROR;
				GCC_WARN_UNDECLARED_SELECTOR = YES;
				GCC_WARN_UNINITIALIZED_AUTOS = YES_AGGRESSIVE;
				GCC_WARN_UNUSED_FUNCTION = YES;
				GCC_WARN_UNUSED_VARIABLE = YES;
				IPHONEOS_DEPLOYMENT_TARGET = 8.0;
				MTL_ENABLE_DEBUG_INFO = YES;
				ONLY_ACTIVE_ARCH = YES;
				SDKROOT = iphoneos;
				SWIFT_OPTIMIZATION_LEVEL = "-Onone";
				TARGETED_DEVICE_FAMILY = "1,2";
			};
			name = Debug;
		};
		3D65F1CA1CCAB9A8004F8B29 /* Release */ = {
			isa = XCBuildConfiguration;
			buildSettings = {
				ALWAYS_SEARCH_USER_PATHS = NO;
				CLANG_ANALYZER_NONNULL = YES;
				CLANG_CXX_LANGUAGE_STANDARD = "gnu++0x";
				CLANG_CXX_LIBRARY = "libc++";
				CLANG_ENABLE_MODULES = YES;
				CLANG_ENABLE_OBJC_ARC = YES;
				CLANG_WARN_BOOL_CONVERSION = YES;
				CLANG_WARN_CONSTANT_CONVERSION = YES;
				CLANG_WARN_DIRECT_OBJC_ISA_USAGE = YES_ERROR;
				CLANG_WARN_EMPTY_BODY = YES;
				CLANG_WARN_ENUM_CONVERSION = YES;
				CLANG_WARN_INT_CONVERSION = YES;
				CLANG_WARN_OBJC_ROOT_CLASS = YES_ERROR;
				CLANG_WARN_UNREACHABLE_CODE = YES;
				CLANG_WARN__DUPLICATE_METHOD_MATCH = YES;
				"CODE_SIGN_IDENTITY[sdk=iphoneos*]" = "iPhone Developer";
				COPY_PHASE_STRIP = NO;
				DEBUG_INFORMATION_FORMAT = "dwarf-with-dsym";
				ENABLE_NS_ASSERTIONS = NO;
				ENABLE_STRICT_OBJC_MSGSEND = YES;
				GCC_C_LANGUAGE_STANDARD = gnu99;
				GCC_NO_COMMON_BLOCKS = YES;
				GCC_WARN_64_TO_32_BIT_CONVERSION = YES;
				GCC_WARN_ABOUT_RETURN_TYPE = YES_ERROR;
				GCC_WARN_UNDECLARED_SELECTOR = YES;
				GCC_WARN_UNINITIALIZED_AUTOS = YES_AGGRESSIVE;
				GCC_WARN_UNUSED_FUNCTION = YES;
				GCC_WARN_UNUSED_VARIABLE = YES;
				IPHONEOS_DEPLOYMENT_TARGET = 8.0;
				MTL_ENABLE_DEBUG_INFO = NO;
				SDKROOT = iphoneos;
				TARGETED_DEVICE_FAMILY = "1,2";
				VALIDATE_PRODUCT = YES;
			};
			name = Release;
		};
		3D65F1CC1CCAB9A8004F8B29 /* Debug */ = {
			isa = XCBuildConfiguration;
			buildSettings = {
				ASSETCATALOG_COMPILER_APPICON_NAME = AppIcon;
				INFOPLIST_FILE = "RM_/Supporting Files/Info.plist";
				LD_RUNPATH_SEARCH_PATHS = "$(inherited) @executable_path/Frameworks";
				PRODUCT_BUNDLE_IDENTIFIER = "olehkulykov.RM-";
				PRODUCT_NAME = "$(TARGET_NAME)";
			};
			name = Debug;
		};
		3D65F1CD1CCAB9A8004F8B29 /* Release */ = {
			isa = XCBuildConfiguration;
			buildSettings = {
				ASSETCATALOG_COMPILER_APPICON_NAME = AppIcon;
				INFOPLIST_FILE = "RM_/Supporting Files/Info.plist";
				LD_RUNPATH_SEARCH_PATHS = "$(inherited) @executable_path/Frameworks";
				PRODUCT_BUNDLE_IDENTIFIER = "olehkulykov.RM-";
				PRODUCT_NAME = "$(TARGET_NAME)";
			};
			name = Release;
		};
		3D65F1CF1CCAB9A8004F8B29 /* Debug */ = {
			isa = XCBuildConfiguration;
			buildSettings = {
				BUNDLE_LOADER = "$(TEST_HOST)";
				INFOPLIST_FILE = RM_Tests/Info.plist;
				LD_RUNPATH_SEARCH_PATHS = "$(inherited) @executable_path/Frameworks @loader_path/Frameworks";
				PRODUCT_BUNDLE_IDENTIFIER = "olehkulykov.RM-Tests";
				PRODUCT_NAME = "$(TARGET_NAME)";
				TEST_HOST = "$(BUILT_PRODUCTS_DIR)/RM_.app/RM_";
			};
			name = Debug;
		};
		3D65F1D01CCAB9A8004F8B29 /* Release */ = {
			isa = XCBuildConfiguration;
			buildSettings = {
				BUNDLE_LOADER = "$(TEST_HOST)";
				INFOPLIST_FILE = RM_Tests/Info.plist;
				LD_RUNPATH_SEARCH_PATHS = "$(inherited) @executable_path/Frameworks @loader_path/Frameworks";
				PRODUCT_BUNDLE_IDENTIFIER = "olehkulykov.RM-Tests";
				PRODUCT_NAME = "$(TARGET_NAME)";
				TEST_HOST = "$(BUILT_PRODUCTS_DIR)/RM_.app/RM_";
			};
			name = Release;
		};
/* End XCBuildConfiguration section */

/* Begin XCConfigurationList section */
		3D65F1A61CCAB9A8004F8B29 /* Build configuration list for PBXProject "RM_" */ = {
			isa = XCConfigurationList;
			buildConfigurations = (
				3D65F1C91CCAB9A8004F8B29 /* Debug */,
				3D65F1CA1CCAB9A8004F8B29 /* Release */,
			);
			defaultConfigurationIsVisible = 0;
			defaultConfigurationName = Release;
		};
		3D65F1CB1CCAB9A8004F8B29 /* Build configuration list for PBXNativeTarget "RM_" */ = {
			isa = XCConfigurationList;
			buildConfigurations = (
				3D65F1CC1CCAB9A8004F8B29 /* Debug */,
				3D65F1CD1CCAB9A8004F8B29 /* Release */,
			);
			defaultConfigurationIsVisible = 0;
			defaultConfigurationName = Release;
		};
		3D65F1CE1CCAB9A8004F8B29 /* Build configuration list for PBXNativeTarget "RM_Tests" */ = {
			isa = XCConfigurationList;
			buildConfigurations = (
				3D65F1CF1CCAB9A8004F8B29 /* Debug */,
				3D65F1D01CCAB9A8004F8B29 /* Release */,
			);
			defaultConfigurationIsVisible = 0;
			defaultConfigurationName = Release;
		};
/* End XCConfigurationList section */

/* Begin XCVersionGroup section */
		3D65F1DB1CCABC98004F8B29 /* RM_.xcdatamodeld */ = {
			isa = XCVersionGroup;
			children = (
				3D65F1DC1CCABC98004F8B29 /* RM_.xcdatamodel */,
			);
			currentVersion = 3D65F1DC1CCABC98004F8B29 /* RM_.xcdatamodel */;
			path = RM_.xcdatamodeld;
			sourceTree = "<group>";
			versionGroupType = wrapper.xcdatamodel;
		};
/* End XCVersionGroup section */
	};
	rootObject = 3D65F1A31CCAB9A8004F8B29 /* Project object */;
}
